
Microsoft Visual Studio Solution File, Format Version 12.00
Project("{FAE04EC0-301F-11D3-BF4B-00C04F79EFBC}") = "SelStatementsDemoCSharp-51", "SelStatementsDemoCSharp-51\SelStatementsDemoCSharp-51.csproj", "{24926C3A-D388-4AD7-92CD-96D135154B23}"
EndProject
Global
	GlobalSection(SolutionConfigurationPlatforms) = preSolution
		Debug|Any CPU = Debug|Any CPU
		Release|Any CPU = Release|Any CPU
	EndGlobalSection
	GlobalSection(ProjectConfigurationPlatforms) = postSolution
		{24926C3A-D388-4AD7-92CD-96D135154B23}.Debug|Any CPU.ActiveCfg = Debug|Any CPU
		{24926C3A-D388-4AD7-92CD-96D135154B23}.Debug|Any CPU.Build.0 = Debug|Any CPU
		{24926C3A-D388-4AD7-92CD-96D135154B23}.Release|Any CPU.ActiveCfg = Release|Any CPU
		{24926C3A-D388-4AD7-92CD-96D135154B23}.Release|Any CPU.Build.0 = Release|Any CPU
	EndGlobalSection
EndGlobal
